# This file is automatically @generated by Wally.
# It is not intended for manual editing.
registry = "test"

[[package]]
name = "eddie/superglobal"
version = "0.1.0"
dependencies = [["Maid", "flamenco687/maid@3.2.2"], ["Promise", "evaera/promise@4.0.0"]]

[[package]]
name = "evaera/promise"
version = "4.0.0"
dependencies = []

[[package]]
name = "flamenco687/maid"
version = "3.2.2"
dependencies = []
